{
  "name": "@vibe-harness/open-code-review-runtime",
  "version": "0.0.0",
  "lockfileVersion": 3,
  "requires": true,
  "packages": {
    "": {
      "name": "@vibe-harness/open-code-review-runtime",
      "version": "0.0.0",
      "dependencies": {
        "@alibaba-group/open-code-review": "1.8.3",
        "@iarna/toml": "2.2.5"
      },
      "engines": {
        "node": ">=20"
      }
    },
    "node_modules/@alibaba-group/ocr-darwin-arm64": {
      "version": "1.8.3",
      "resolved": "https://registry.npmjs.org/@alibaba-group/ocr-darwin-arm64/-/ocr-darwin-arm64-1.8.3.tgz",
      "integrity": "sha512-6q4PgRoQh/ir7o+mHZsP/aKzdNjene1rkBwRVa0O07CeZU0cKnwJbzDabccVrgV8onOUKIcNDqEzANQXo4xOdw==",
      "cpu": [
        "arm64"
      ],
      "license": "Apache-2.0",
      "optional": true,
      "os": [
        "darwin"
      ]
    },
    "node_modules/@alibaba-group/ocr-darwin-x64": {
      "version": "1.8.3",
      "resolved": "https://registry.npmjs.org/@alibaba-group/ocr-darwin-x64/-/ocr-darwin-x64-1.8.3.tgz",
      "integrity": "sha512-pyrk79Zjqek8GVsZTP43WitaWsGFqNkRVaMA6t1jgHR2wFY2RHJBIUbXMBgewYJT2GSmOSJH2mVPdHQR5PmJrg==",
      "cpu": [
        "x64"
      ],
      "license": "Apache-2.0",
      "optional": true,
      "os": [
        "darwin"
      ]
    },
    "node_modules/@alibaba-group/ocr-linux-arm64": {
      "version": "1.8.3",
      "resolved": "https://registry.npmjs.org/@alibaba-group/ocr-linux-arm64/-/ocr-linux-arm64-1.8.3.tgz",
      "integrity": "sha512-KH7vFLb2I2axy6csFm0sEyVRrG8Z/cpPozft3YZS6B7h51C9yDFBBeSOkXfoYzpeFQibCyh0OExRWcZ/a6e3ow==",
      "cpu": [
        "arm64"
      ],
      "license": "Apache-2.0",
      "optional": true,
      "os": [
        "linux"
      ]
    },
    "node_modules/@alibaba-group/ocr-linux-x64": {
      "version": "1.8.3",
      "resolved": "https://registry.npmjs.org/@alibaba-group/ocr-linux-x64/-/ocr-linux-x64-1.8.3.tgz",
      "integrity": "sha512-7wBjs0Zpob6mbAKBwoOQktbtWYxhc0bxkkl93Lvg9BQmKjdP8j4HGTy5Q9PO9dGKfFniRE17umyl+80qhb0KIA==",
      "cpu": [
        "x64"
      ],
      "license": "Apache-2.0",
      "optional": true,
      "os": [
        "linux"
      ]
    },
    "node_modules/@alibaba-group/ocr-win32-arm64": {
      "version": "1.8.3",
      "resolved": "https://registry.npmjs.org/@alibaba-group/ocr-win32-arm64/-/ocr-win32-arm64-1.8.3.tgz",
      "integrity": "sha512-7Li/K/p8cKPvSq7/h7RwiUsG4BWTHPouAwARyJ/K38emrZU0wS4zCzSgBLa9BRBRvaH6SyVbN1ecbDgej/HYCQ==",
      "cpu": [
        "arm64"
      ],
      "license": "Apache-2.0",
      "optional": true,
      "os": [
        "win32"
      ]
    },
    "node_modules/@alibaba-group/ocr-win32-x64": {
      "version": "1.8.3",
      "resolved": "https://registry.npmjs.org/@alibaba-group/ocr-win32-x64/-/ocr-win32-x64-1.8.3.tgz",
      "integrity": "sha512-K3Wjc2E8mXc+/fse2cFyI5phU7bR1RbMM3tOV8WbgN0Oid5LheqpQEMjWpcC8RJe1WaSE0iqTrjRKruS5IJVKw==",
      "cpu": [
        "x64"
      ],
      "license": "Apache-2.0",
      "optional": true,
      "os": [
        "win32"
      ]
    },
    "node_modules/@alibaba-group/open-code-review": {
      "version": "1.8.3",
      "resolved": "https://registry.npmjs.org/@alibaba-group/open-code-review/-/open-code-review-1.8.3.tgz",
      "integrity": "sha512-uYEEovd5Vi4Xyd4BavjGpf7/JIFcVcO9OuFiGUVnggw/Np/Bq6TTX6ELzkifmOfqqu8eMPRAfkcbZ1oxnBY5tA==",
      "hasInstallScript": true,
      "license": "Apache-2.0",
      "bin": {
        "ocr": "bin/ocr.js"
      },
      "engines": {
        "node": ">=14"
      },
      "optionalDependencies": {
        "@alibaba-group/ocr-darwin-arm64": "1.8.3",
        "@alibaba-group/ocr-darwin-x64": "1.8.3",
        "@alibaba-group/ocr-linux-arm64": "1.8.3",
        "@alibaba-group/ocr-linux-x64": "1.8.3",
        "@alibaba-group/ocr-win32-arm64": "1.8.3",
        "@alibaba-group/ocr-win32-x64": "1.8.3"
      }
    },
    "node_modules/@iarna/toml": {
      "version": "2.2.5",
      "resolved": "https://registry.npmmirror.com/@iarna/toml/-/toml-2.2.5.tgz",
      "integrity": "sha512-trnsAYxU3xnS1gPHPyU961coFyLkh4gAD/0zQ5mymY4yOZ+CYvsPqUbOFSw0aDM4y0tV7tiFxL/1XfXPNC6IPg==",
      "license": "ISC"
    }
  }
}
