{
  "name": "@vibe-harness/open-code-review-runtime",
  "version": "0.0.0",
  "lockfileVersion": 3,
  "requires": true,
  "packages": {
    "": {
      "name": "@vibe-harness/open-code-review-runtime",
      "version": "0.0.0",
      "dependencies": {
        "@alibaba-group/open-code-review": "1.8.10",
        "@iarna/toml": "2.2.5"
      },
      "engines": {
        "node": ">=20"
      }
    },
    "node_modules/@alibaba-group/ocr-darwin-arm64": {
      "version": "1.8.10",
      "resolved": "https://registry.npmjs.org/@alibaba-group/ocr-darwin-arm64/-/ocr-darwin-arm64-1.8.10.tgz",
      "integrity": "sha512-Ii/+UjZSUPTfx/74w5MV0NVh098N9TpI3zFSJMe1MjwzApiAjXcnCy/ihXjq/+/zCaNafbE2geWL7Ozw6A1k1A==",
      "cpu": [
        "arm64"
      ],
      "license": "Apache-2.0",
      "optional": true,
      "os": [
        "darwin"
      ]
    },
    "node_modules/@alibaba-group/ocr-darwin-x64": {
      "version": "1.8.10",
      "resolved": "https://registry.npmjs.org/@alibaba-group/ocr-darwin-x64/-/ocr-darwin-x64-1.8.10.tgz",
      "integrity": "sha512-lqRZ+2T4KeqlF9HNm/XKJgNZh6hdzh1q1qKSnZklew2MVpwn7MRWNrPkt51kFtzl/2hQWqRKjbmzi+e+jjAEbg==",
      "cpu": [
        "x64"
      ],
      "license": "Apache-2.0",
      "optional": true,
      "os": [
        "darwin"
      ]
    },
    "node_modules/@alibaba-group/ocr-linux-arm64": {
      "version": "1.8.10",
      "resolved": "https://registry.npmjs.org/@alibaba-group/ocr-linux-arm64/-/ocr-linux-arm64-1.8.10.tgz",
      "integrity": "sha512-etgWyL6j3ZFhBsrVV+wl07P0csgbQifU1f3KyvJtINV14WgYqc3BF46+ldQoz8f2FLjQGl68VS/d9dK/i68guA==",
      "cpu": [
        "arm64"
      ],
      "license": "Apache-2.0",
      "optional": true,
      "os": [
        "linux"
      ]
    },
    "node_modules/@alibaba-group/ocr-linux-x64": {
      "version": "1.8.10",
      "resolved": "https://registry.npmjs.org/@alibaba-group/ocr-linux-x64/-/ocr-linux-x64-1.8.10.tgz",
      "integrity": "sha512-f/Jv75vsS94WSz1aM1AFWBOCEs5ulxqMEKSG378vzG9fdL/zn2FHJlt7tTmfm3eUNCrQxJOcvmaf1wbAVULwBg==",
      "cpu": [
        "x64"
      ],
      "license": "Apache-2.0",
      "optional": true,
      "os": [
        "linux"
      ]
    },
    "node_modules/@alibaba-group/ocr-win32-arm64": {
      "version": "1.8.10",
      "resolved": "https://registry.npmjs.org/@alibaba-group/ocr-win32-arm64/-/ocr-win32-arm64-1.8.10.tgz",
      "integrity": "sha512-Ha6iuEHh3TQidfYi/kLnwNG2r9dLXXB3YRphCJnu0gNQrlYuFJ60+ungakUMJaa++sslNM2kSIqg3GQuP0Vqbw==",
      "cpu": [
        "arm64"
      ],
      "license": "Apache-2.0",
      "optional": true,
      "os": [
        "win32"
      ]
    },
    "node_modules/@alibaba-group/ocr-win32-x64": {
      "version": "1.8.10",
      "resolved": "https://registry.npmjs.org/@alibaba-group/ocr-win32-x64/-/ocr-win32-x64-1.8.10.tgz",
      "integrity": "sha512-q5M2rZBFu1+FX/oAFVevPlfHTrtQgFpO/J3OzBlqw+g3SK5fUxJGpTD42Ttsy/dx4/LJ+7aihcUNYH5zywJ1xg==",
      "cpu": [
        "x64"
      ],
      "license": "Apache-2.0",
      "optional": true,
      "os": [
        "win32"
      ]
    },
    "node_modules/@alibaba-group/open-code-review": {
      "version": "1.8.10",
      "resolved": "https://registry.npmjs.org/@alibaba-group/open-code-review/-/open-code-review-1.8.10.tgz",
      "integrity": "sha512-bHtn3CrL/6HzeksUEFHAvFkSBOFAUjV40z1WM3Dy2mAQcmrKqPKnipXAcfXXQ+uawGruzj4UYB2QkTHz6Tg4ow==",
      "hasInstallScript": true,
      "license": "Apache-2.0",
      "bin": {
        "ocr": "bin/ocr.js"
      },
      "engines": {
        "node": ">=14"
      },
      "optionalDependencies": {
        "@alibaba-group/ocr-darwin-arm64": "1.8.10",
        "@alibaba-group/ocr-darwin-x64": "1.8.10",
        "@alibaba-group/ocr-linux-arm64": "1.8.10",
        "@alibaba-group/ocr-linux-x64": "1.8.10",
        "@alibaba-group/ocr-win32-arm64": "1.8.10",
        "@alibaba-group/ocr-win32-x64": "1.8.10"
      }
    },
    "node_modules/@iarna/toml": {
      "version": "2.2.5",
      "resolved": "https://registry.npmmirror.com/@iarna/toml/-/toml-2.2.5.tgz",
      "integrity": "sha512-trnsAYxU3xnS1gPHPyU961coFyLkh4gAD/0zQ5mymY4yOZ+CYvsPqUbOFSw0aDM4y0tV7tiFxL/1XfXPNC6IPg==",
      "license": "ISC"
    }
  }
}
