{
  "name": "@vibe-harness/open-code-review-runtime",
  "version": "0.0.0",
  "lockfileVersion": 3,
  "requires": true,
  "packages": {
    "": {
      "name": "@vibe-harness/open-code-review-runtime",
      "version": "0.0.0",
      "dependencies": {
        "@alibaba-group/open-code-review": "1.9.2",
        "@iarna/toml": "2.2.5"
      },
      "engines": {
        "node": ">=20"
      }
    },
    "node_modules/@alibaba-group/ocr-darwin-arm64": {
      "version": "1.9.2",
      "resolved": "https://registry.npmjs.org/@alibaba-group/ocr-darwin-arm64/-/ocr-darwin-arm64-1.9.2.tgz",
      "integrity": "sha512-16Rnysc/l5EvMd5DMwgeHfW4wudwXMy1SiAxwWoN8VXRtOWrSNGUbvsXRqEFIf4GGFxaS1mNKjExtBboljBEqA==",
      "cpu": [
        "arm64"
      ],
      "license": "Apache-2.0",
      "optional": true,
      "os": [
        "darwin"
      ]
    },
    "node_modules/@alibaba-group/ocr-darwin-x64": {
      "version": "1.9.2",
      "resolved": "https://registry.npmjs.org/@alibaba-group/ocr-darwin-x64/-/ocr-darwin-x64-1.9.2.tgz",
      "integrity": "sha512-jMEp1xjXbOC/wx/uYGQqOdqNdYyqnBejyba6Set/KfWINVjjafYYQIdAFwKfCdzLme53STq0kUSDntepFoLUYg==",
      "cpu": [
        "x64"
      ],
      "license": "Apache-2.0",
      "optional": true,
      "os": [
        "darwin"
      ]
    },
    "node_modules/@alibaba-group/ocr-linux-arm64": {
      "version": "1.9.2",
      "resolved": "https://registry.npmjs.org/@alibaba-group/ocr-linux-arm64/-/ocr-linux-arm64-1.9.2.tgz",
      "integrity": "sha512-x9PUxa75R2mpD+UilquvzGmkWwCgoVRX6g3wRE9g0qNgkDr0o7Ju3A8OU5HA+WlkQ8rjCuM0zo/ISrJA5VgdDw==",
      "cpu": [
        "arm64"
      ],
      "license": "Apache-2.0",
      "optional": true,
      "os": [
        "linux"
      ]
    },
    "node_modules/@alibaba-group/ocr-linux-x64": {
      "version": "1.9.2",
      "resolved": "https://registry.npmjs.org/@alibaba-group/ocr-linux-x64/-/ocr-linux-x64-1.9.2.tgz",
      "integrity": "sha512-E/Sx3WkURV6k3GrgIHwSDPnHxifKWhyrZrmKirXzZv6ptLMztJqZ+TX96I8syoG3FV8OTGYne30Nc/C5/E4geg==",
      "cpu": [
        "x64"
      ],
      "license": "Apache-2.0",
      "optional": true,
      "os": [
        "linux"
      ]
    },
    "node_modules/@alibaba-group/ocr-win32-arm64": {
      "version": "1.9.2",
      "resolved": "https://registry.npmjs.org/@alibaba-group/ocr-win32-arm64/-/ocr-win32-arm64-1.9.2.tgz",
      "integrity": "sha512-6wTUgslBGggqfXAAAr79096Q9ga5CgjInZR+amZ+mqIseFoUSj1lu7DGiCm+1CeC02YZih6LmOfBpH0l1l1pnQ==",
      "cpu": [
        "arm64"
      ],
      "license": "Apache-2.0",
      "optional": true,
      "os": [
        "win32"
      ]
    },
    "node_modules/@alibaba-group/ocr-win32-x64": {
      "version": "1.9.2",
      "resolved": "https://registry.npmjs.org/@alibaba-group/ocr-win32-x64/-/ocr-win32-x64-1.9.2.tgz",
      "integrity": "sha512-gs2mGV+CGOJjwYK8rWSb6mRRNl2vhx3h/cbX3SacF6sZ38/h2NM+KhLRA2pwM9lo0oXqtYydA+EBA9/KyZpJww==",
      "cpu": [
        "x64"
      ],
      "license": "Apache-2.0",
      "optional": true,
      "os": [
        "win32"
      ]
    },
    "node_modules/@alibaba-group/open-code-review": {
      "version": "1.9.2",
      "resolved": "https://registry.npmjs.org/@alibaba-group/open-code-review/-/open-code-review-1.9.2.tgz",
      "integrity": "sha512-liFA4s9TmhukIJnYt0G5FaCt42ViWODdWUop+qzBmUisbJPrXwBHcNYkFIHiorHQTjouNhCnw+LbRnnRh6wEhw==",
      "hasInstallScript": true,
      "license": "Apache-2.0",
      "bin": {
        "ocr": "bin/ocr.js"
      },
      "engines": {
        "node": ">=14"
      },
      "optionalDependencies": {
        "@alibaba-group/ocr-darwin-arm64": "1.9.2",
        "@alibaba-group/ocr-darwin-x64": "1.9.2",
        "@alibaba-group/ocr-linux-arm64": "1.9.2",
        "@alibaba-group/ocr-linux-x64": "1.9.2",
        "@alibaba-group/ocr-win32-arm64": "1.9.2",
        "@alibaba-group/ocr-win32-x64": "1.9.2"
      }
    },
    "node_modules/@iarna/toml": {
      "version": "2.2.5",
      "resolved": "https://registry.npmmirror.com/@iarna/toml/-/toml-2.2.5.tgz",
      "integrity": "sha512-trnsAYxU3xnS1gPHPyU961coFyLkh4gAD/0zQ5mymY4yOZ+CYvsPqUbOFSw0aDM4y0tV7tiFxL/1XfXPNC6IPg==",
      "license": "ISC"
    }
  }
}
