{
  "name": "@vibe-harness/codebase-memory-mcp-runtime",
  "version": "0.0.0",
  "lockfileVersion": 3,
  "requires": true,
  "packages": {
    "": {
      "name": "@vibe-harness/codebase-memory-mcp-runtime",
      "version": "0.0.0",
      "dependencies": {
        "codebase-memory-mcp": "0.10.2"
      },
      "engines": {
        "node": ">=20"
      }
    },
    "node_modules/codebase-memory-mcp": {
      "version": "0.10.2",
      "resolved": "https://registry.npmjs.org/codebase-memory-mcp/-/codebase-memory-mcp-0.10.2.tgz",
      "integrity": "sha512-662tggBxboxU4SlI2r0munpfyh3drk+vAuGBioonjoXq68uoL7hAMhO5r7Qqq96s6dbx85diwJz14uDx+70L6g==",
      "cpu": [
        "x64",
        "arm64"
      ],
      "hasInstallScript": true,
      "license": "MIT",
      "os": [
        "linux",
        "darwin",
        "win32"
      ],
      "bin": {
        "codebase-memory-mcp": "bin.js"
      },
      "engines": {
        "node": ">=18"
      }
    }
  }
}
