lockfileVersion: '9.0'

settings:
  autoInstallPeers: true
  excludeLinksFromLockfile: false

importers:

  .:
    dependencies:
      codebase-memory-mcp:
        specifier: 0.11.0
        version: 0.11.0

packages:

  codebase-memory-mcp@0.11.0:
    resolution: {integrity: sha512-BXPeAIQQOH2iKPYMcNOiRezj1BeBGkIfAAQ99GWSRMsvHxMUrGiuJqhJH1uTdN4hs6kRkqPnmpjCfy05hANKIg==}
    engines: {node: '>=18'}
    cpu: [x64, arm64]
    os: [linux, darwin, win32]
    hasBin: true

snapshots:

  codebase-memory-mcp@0.11.0: {}
