lockfileVersion: '9.0'

settings:
  autoInstallPeers: true
  excludeLinksFromLockfile: false

importers:

  .:
    dependencies:
      codebase-memory-mcp:
        specifier: 0.10.2
        version: 0.10.2

packages:

  codebase-memory-mcp@0.10.2:
    resolution: {integrity: sha512-662tggBxboxU4SlI2r0munpfyh3drk+vAuGBioonjoXq68uoL7hAMhO5r7Qqq96s6dbx85diwJz14uDx+70L6g==}
    engines: {node: '>=18'}
    cpu: [x64, arm64]
    os: [linux, darwin, win32]
    hasBin: true

snapshots:

  codebase-memory-mcp@0.10.2: {}
